// !$*UTF8*$!
{
	archiveVersion = 1;
	classes = {
	};
	objectVersion = 48;
	objects = {

/* Begin PBXBuildFile section */
		AAE4422A2024088C00298CCE /* AppDelegate.swift in Sources */ = {isa = PBXBuildFile; fileRef = AAE442292024088C00298CCE /* AppDelegate.swift */; };
		AAE4422C2024088C00298CCE /* ViewController.swift in Sources */ = {isa = PBXBuildFile; fileRef = AAE4422B2024088C00298CCE /* ViewController.swift */; };
		AAE4422F2024088C00298CCE /* Main.storyboard in Resources */ = {isa = PBXBuildFile; fileRef = AAE4422D2024088C00298CCE /* Main.storyboard */; };
		AAE442322024088C00298CCE /* ThirdAssessment___Er_Win.xcdatamodeld in Sources */ = {isa = PBXBuildFile; fileRef = AAE442302024088C00298CCE /* ThirdAssessment___Er_Win.xcdatamodeld */; };
		AAE442342024088C00298CCE /* Assets.xcassets in Resources */ = {isa = PBXBuildFile; fileRef = AAE442332024088C00298CCE /* Assets.xcassets */; };
		AAE442372024088C00298CCE /* LaunchScreen.storyboard in Resources */ = {isa = PBXBuildFile; fileRef = AAE442352024088C00298CCE /* LaunchScreen.storyboard */; };
/* End PBXBuildFile section */

/* Begin PBXFileReference section */
		AAE442262024088C00298CCE /* ThirdAssessment - Er Win.app */ = {isa = PBXFileReference; explicitFileType = wrapper.application; includeInIndex = 0; path = "ThirdAssessment - Er Win.app"; sourceTree = BUILT_PRODUCTS_DIR; };
		AAE442292024088C00298CCE /* AppDelegate.swift */ = {isa = PBXFileReference; lastKnownFileType = sourcecode.swift; path = AppDelegate.swift; sourceTree = "<group>"; };
		AAE4422B2024088C00298CCE /* ViewController.swift */ = {isa = PBXFileReference; lastKnownFileType = sourcecode.swift; path = ViewController.swift; sourceTree = "<group>"; };
		AAE4422E2024088C00298CCE /* Base */ = {isa = PBXFileReference; lastKnownFileType = file.storyboard; name = Base; path = Base.lproj/Main.storyboard; sourceTree = "<group>"; };
		AAE442312024088C00298CCE /* ThirdAssessment___Er_Win.xcdatamodel */ = {isa = PBXFileReference; lastKnownFileType = wrapper.xcdatamodel; path = "ThirdAssessment___Er_Win.xcdatamodel"; sourceTree = "<group>"; };
		AAE442332024088C00298CCE /* Assets.xcassets */ = {isa = PBXFileReference; lastKnownFileType = folder.assetcatalog; path = Assets.xcassets; sourceTree = "<group>"; };
		AAE442362024088C00298CCE /* Base */ = {isa = PBXFileReference; lastKnownFileType = file.storyboard; name = Base; path = Base.lproj/LaunchScreen.storyboard; sourceTree = "<group>"; };
		AAE442382024088C00298CCE /* Info.plist */ = {isa = PBXFileReference; lastKnownFileType = text.plist.xml; path = Info.plist; sourceTree = "<group>"; };
/* End PBXFileReference section */

/* Begin PBXFrameworksBuildPhase section */
		AAE442232024088C00298CCE /* Frameworks */ = {
			isa = PBXFrameworksBuildPhase;
			buildActionMask = 2147483647;
			files = (
			);
			runOnlyForDeploymentPostprocessing = 0;
		};
/* End PBXFrameworksBuildPhase section */

/* Begin PBXGroup section */
		AAE4421D2024088C00298CCE = {
			isa = PBXGroup;
			children = (
				AAE442282024088C00298CCE /* ThirdAssessment - Er Win */,
				AAE442272024088C00298CCE /* Products */,
			);
			sourceTree = "<group>";
		};
		AAE442272024088C00298CCE /* Products */ = {
			isa = PBXGroup;
			children = (
				AAE442262024088C00298CCE /* ThirdAssessment - Er Win.app */,
			);
			name = Products;
			sourceTree = "<group>";
		};
		AAE442282024088C00298CCE /* ThirdAssessment - Er Win */ = {
			isa = PBXGroup;
			children = (
				AAE442292024088C00298CCE /* AppDelegate.swift */,
				AAE4422B2024088C00298CCE /* ViewController.swift */,
				AAE4422D2024088C00298CCE /* Main.storyboard */,
				AAE442332024088C00298CCE /* Assets.xcassets */,
				AAE442352024088C00298CCE /* LaunchScreen.storyboard */,
				AAE442382024088C00298CCE /* Info.plist */,
				AAE442302024088C00298CCE /* ThirdAssessment___Er_Win.xcdatamodeld */,
			);
			path = "ThirdAssessment - Er Win";
			sourceTree = "<group>";
		};
/* End PBXGroup section */

/* Begin PBXNativeTarget section */
		AAE442252024088C00298CCE /* ThirdAssessment - Er Win */ = {
			isa = PBXNativeTarget;
			buildConfigurationList = AAE4423B2024088C00298CCE /* Build configuration list for PBXNativeTarget "ThirdAssessment - Er Win" */;
			buildPhases = (
				AAE442222024088C00298CCE /* Sources */,
				AAE442232024088C00298CCE /* Frameworks */,
				AAE442242024088C00298CCE /* Resources */,
			);
			buildRules = (
			);
			dependencies = (
			);
			name = "ThirdAssessment - Er Win";
			productName = "ThirdAssessment - Er Win";
			productReference = AAE442262024088C00298CCE /* ThirdAssessment - Er Win.app */;
			productType = "com.apple.product-type.application";
		};
/* End PBXNativeTarget section */

/* Begin PBXProject section */
		AAE4421E2024088C00298CCE /* Project object */ = {
			isa = PBXProject;
			attributes = {
				LastSwiftUpdateCheck = 0920;
				LastUpgradeCheck = 0920;
				ORGANIZATIONNAME = "Ban Er Win";
				TargetAttributes = {
					AAE442252024088C00298CCE = {
						CreatedOnToolsVersion = 9.2;
						ProvisioningStyle = Automatic;
					};
				};
			};
			buildConfigurationList = AAE442212024088C00298CCE /* Build configuration list for PBXProject "ThirdAssessment - Er Win" */;
			compatibilityVersion = "Xcode 8.0";
			developmentRegion = en;
			hasScannedForEncodings = 0;
			knownRegions = (
				en,
				Base,
			);
			mainGroup = AAE4421D2024088C00298CCE;
			productRefGroup = AAE442272024088C00298CCE /* Products */;
			projectDirPath = "";
			projectRoot = "";
			targets = (
				AAE442252024088C00298CCE /* ThirdAssessment - Er Win */,
			);
		};
/* End PBXProject section */

/* Begin PBXResourcesBuildPhase section */
		AAE442242024088C00298CCE /* Resources */ = {
			isa = PBXResourcesBuildPhase;
			buildActionMask = 2147483647;
			files = (
				AAE442372024088C00298CCE /* LaunchScreen.storyboard in Resources */,
				AAE442342024088C00298CCE /* Assets.xcassets in Resources */,
				AAE4422F2024088C00298CCE /* Main.storyboard in Resources */,
			);
			runOnlyForDeploymentPostprocessing = 0;
		};
/* End PBXResourcesBuildPhase section */

/* Begin PBXSourcesBuildPhase section */
		AAE442222024088C00298CCE /* Sources */ = {
			isa = PBXSourcesBuildPhase;
			buildActionMask = 2147483647;
			files = (
				AAE4422C2024088C00298CCE /* ViewController.swift in Sources */,
				AAE4422A2024088C00298CCE /* AppDelegate.swift in Sources */,
				AAE442322024088C00298CCE /* ThirdAssessment___Er_Win.xcdatamodeld in Sources */,
			);
			runOnlyForDeploymentPostprocessing = 0;
		};
/* End PBXSourcesBuildPhase section */

/* Begin PBXVariantGroup section */
		AAE4422D2024088C00298CCE /* Main.storyboard */ = {
			isa = PBXVariantGroup;
			children = (
				AAE4422E2024088C00298CCE /* Base */,
			);
			name = Main.storyboard;
			sourceTree = "<group>";
		};
		AAE442352024088C00298CCE /* LaunchScreen.storyboard */ = {
			isa = PBXVariantGroup;
			children = (
				AAE442362024088C00298CCE /* Base */,
			);
			name = LaunchScreen.storyboard;
			sourceTree = "<group>";
		};
/* End PBXVariantGroup section */

/* Begin XCBuildConfiguration section */
		AAE442392024088C00298CCE /* Debug */ = {
			isa = XCBuildConfiguration;
			buildSettings = {
				ALWAYS_SEARCH_USER_PATHS = NO;
				CLANG_ANALYZER_NONNULL = YES;
				CLANG_ANALYZER_NUMBER_OBJECT_CONVERSION = YES_AGGRESSIVE;
				CLANG_CXX_LANGUAGE_STANDARD = "gnu++14";
				CLANG_CXX_LIBRARY = "libc++";
				CLANG_ENABLE_MODULES = YES;
				CLANG_ENABLE_OBJC_ARC = YES;
				CLANG_WARN_BLOCK_CAPTURE_AUTORELEASING = YES;
				CLANG_WARN_BOOL_CONVERSION = YES;
				CLANG_WARN_COMMA = YES;
				CLANG_WARN_CONSTANT_CONVERSION = YES;
				CLANG_WARN_DIRECT_OBJC_ISA_USAGE = YES_ERROR;
				CLANG_WARN_DOCUMENTATION_COMMENTS = YES;
				CLANG_WARN_EMPTY_BODY = YES;
				CLANG_WARN_ENUM_CONVERSION = YES;
				CLANG_WARN_INFINITE_RECURSION = YES;
				CLANG_WARN_INT_CONVERSION = YES;
				CLANG_WARN_NON_LITERAL_NULL_CONVERSION = YES;
				CLANG_WARN_OBJC_LITERAL_CONVERSION = YES;
				CLANG_WARN_OBJC_ROOT_CLASS = YES_ERROR;
				CLANG_WARN_RANGE_LOOP_ANALYSIS = YES;
				CLANG_WARN_STRICT_PROTOTYPES = YES;
				CLANG_WARN_SUSPICIOUS_MOVE = YES;
				CLANG_WARN_UNGUARDED_AVAILABILITY = YES_AGGRESSIVE;
				CLANG_WARN_UNREACHABLE_CODE = YES;
				CLANG_WARN__DUPLICATE_METHOD_MATCH = YES;
				CODE_SIGN_IDENTITY = "iPhone Developer";
				COPY_PHASE_STRIP = NO;
				DEBUG_INFORMATION_FORMAT = dwarf;
				ENABLE_STRICT_OBJC_MSGSEND = YES;
				ENABLE_TESTABILITY = YES;
				GCC_C_LANGUAGE_STANDARD = gnu11;
				GCC_DYNAMIC_NO_PIC = NO;
				GCC_NO_COMMON_BLOCKS = YES;
				GCC_OPTIMIZATION_LEVEL = 0;
				GCC_PREPROCESSOR_DEFINITIONS = (
					"DEBUG=1",
					"$(inherited)",
				);
				GCC_WARN_64_TO_32_BIT_CONVERSION = YES;
				GCC_WARN_ABOUT_RETURN_TYPE = YES_ERROR;
				GCC_WARN_UNDECLARED_SELECTOR = YES;
				GCC_WARN_UNINITIALIZED_AUTOS = YES_AGGRESSIVE;
				GCC_WARN_UNUSED_FUNCTION = YES;
				GCC_WARN_UNUSED_VARIABLE = YES;
				IPHONEOS_DEPLOYMENT_TARGET = 11.2;
				MTL_ENABLE_DEBUG_INFO = YES;
				ONLY_ACTIVE_ARCH = YES;
				SDKROOT = iphoneos;
				SWIFT_ACTIVE_COMPILATION_CONDITIONS = DEBUG;
				SWIFT_OPTIMIZATION_LEVEL = "-Onone";
			};
			name = Debug;
		};
		AAE4423A2024088C00298CCE /* Release */ = {
			isa = XCBuildConfiguration;
			buildSettings = {
				ALWAYS_SEARCH_USER_PATHS = NO;
				CLANG_ANALYZER_NONNULL = YES;
				CLANG_ANALYZER_NUMBER_OBJECT_CONVERSION = YES_AGGRESSIVE;
				CLANG_CXX_LANGUAGE_STANDARD = "gnu++14";
				CLANG_CXX_LIBRARY = "libc++";
				CLANG_ENABLE_MODULES = YES;
				CLANG_ENABLE_OBJC_ARC = YES;
				CLANG_WARN_BLOCK_CAPTURE_AUTORELEASING = YES;
				CLANG_WARN_BOOL_CONVERSION = YES;
				CLANG_WARN_COMMA = YES;
				CLANG_WARN_CONSTANT_CONVERSION = YES;
				CLANG_WARN_DIRECT_OBJC_ISA_USAGE = YES_ERROR;
				CLANG_WARN_DOCUMENTATION_COMMENTS = YES;
				CLANG_WARN_EMPTY_BODY = YES;
				CLANG_WARN_ENUM_CONVERSION = YES;
				CLANG_WARN_INFINITE_RECURSION = YES;
				CLANG_WARN_INT_CONVERSION = YES;
				CLANG_WARN_NON_LITERAL_NULL_CONVERSION = YES;
				CLANG_WARN_OBJC_LITERAL_CONVERSION = YES;
				CLANG_WARN_OBJC_ROOT_CLASS = YES_ERROR;
				CLANG_WARN_RANGE_LOOP_ANALYSIS = YES;
				CLANG_WARN_STRICT_PROTOTYPES = YES;
				CLANG_WARN_SUSPICIOUS_MOVE = YES;
				CLANG_WARN_UNGUARDED_AVAILABILITY = YES_AGGRESSIVE;
				CLANG_WARN_UNREACHABLE_CODE = YES;
				CLANG_WARN__DUPLICATE_METHOD_MATCH = YES;
				CODE_SIGN_IDENTITY = "iPhone Developer";
				COPY_PHASE_STRIP = NO;
				DEBUG_INFORMATION_FORMAT = "dwarf-with-dsym";
				ENABLE_NS_ASSERTIONS = NO;
				ENABLE_STRICT_OBJC_MSGSEND = YES;
				GCC_C_LANGUAGE_STANDARD = gnu11;
				GCC_NO_COMMON_BLOCKS = YES;
				GCC_WARN_64_TO_32_BIT_CONVERSION = YES;
				GCC_WARN_ABOUT_RETURN_TYPE = YES_ERROR;
				GCC_WARN_UNDECLARED_SELECTOR = YES;
				GCC_WARN_UNINITIALIZED_AUTOS = YES_AGGRESSIVE;
				GCC_WARN_UNUSED_FUNCTION = YES;
				GCC_WARN_UNUSED_VARIABLE = YES;
				IPHONEOS_DEPLOYMENT_TARGET = 11.2;
				MTL_ENABLE_DEBUG_INFO = NO;
				SDKROOT = iphoneos;
				SWIFT_OPTIMIZATION_LEVEL = "-Owholemodule";
				VALIDATE_PRODUCT = YES;
			};
			name = Release;
		};
		AAE4423C2024088C00298CCE /* Debug */ = {
			isa = XCBuildConfiguration;
			buildSettings = {
				ASSETCATALOG_COMPILER_APPICON_NAME = AppIcon;
				CODE_SIGN_STYLE = Automatic;
				INFOPLIST_FILE = "ThirdAssessment - Er Win/Info.plist";
				LD_RUNPATH_SEARCH_PATHS = "$(inherited) @executable_path/Frameworks";
				PRODUCT_BUNDLE_IDENTIFIER = "com.NextAcademy.ThirdAssessment---Er-Win";
				PRODUCT_NAME = "$(TARGET_NAME)";
				SWIFT_VERSION = 4.0;
				TARGETED_DEVICE_FAMILY = "1,2";
			};
			name = Debug;
		};
		AAE4423D2024088C00298CCE /* Release */ = {
			isa = XCBuildConfiguration;
			buildSettings = {
				ASSETCATALOG_COMPILER_APPICON_NAME = AppIcon;
				CODE_SIGN_STYLE = Automatic;
				INFOPLIST_FILE = "ThirdAssessment - Er Win/Info.plist";
				LD_RUNPATH_SEARCH_PATHS = "$(inherited) @executable_path/Frameworks";
				PRODUCT_BUNDLE_IDENTIFIER = "com.NextAcademy.ThirdAssessment---Er-Win";
				PRODUCT_NAME = "$(TARGET_NAME)";
				SWIFT_VERSION = 4.0;
				TARGETED_DEVICE_FAMILY = "1,2";
			};
			name = Release;
		};
/* End XCBuildConfiguration section */

/* Begin XCConfigurationList section */
		AAE442212024088C00298CCE /* Build configuration list for PBXProject "ThirdAssessment - Er Win" */ = {
			isa = XCConfigurationList;
			buildConfigurations = (
				AAE442392024088C00298CCE /* Debug */,
				AAE4423A2024088C00298CCE /* Release */,
			);
			defaultConfigurationIsVisible = 0;
			defaultConfigurationName = Release;
		};
		AAE4423B2024088C00298CCE /* Build configuration list for PBXNativeTarget "ThirdAssessment - Er Win" */ = {
			isa = XCConfigurationList;
			buildConfigurations = (
				AAE4423C2024088C00298CCE /* Debug */,
				AAE4423D2024088C00298CCE /* Release */,
			);
			defaultConfigurationIsVisible = 0;
			defaultConfigurationName = Release;
		};
/* End XCConfigurationList section */

/* Begin XCVersionGroup section */
		AAE442302024088C00298CCE /* ThirdAssessment___Er_Win.xcdatamodeld */ = {
			isa = XCVersionGroup;
			children = (
				AAE442312024088C00298CCE /* ThirdAssessment___Er_Win.xcdatamodel */,
			);
			currentVersion = AAE442312024088C00298CCE /* ThirdAssessment___Er_Win.xcdatamodel */;
			path = "ThirdAssessment___Er_Win.xcdatamodeld";
			sourceTree = "<group>";
			versionGroupType = wrapper.xcdatamodel;
		};
/* End XCVersionGroup section */
	};
	rootObject = AAE4421E2024088C00298CCE /* Project object */;
}
